// !$*UTF8*$!
{
	archiveVersion = 1;
	classes = {
	};
	objectVersion = 46;
	objects = {

/* Begin PBXBuildFile section */
		58B9A0EA1C0B9F2B00088B80 /* main.cpp in Sources */ = {isa = PBXBuildFile; fileRef = 58B9A0E91C0B9F2B00088B80 /* main.cpp */; };
		58B9A0F51C0BA11700088B80 /* GLUT.framework in Frameworks */ = {isa = PBXBuildFile; fileRef = 58B9A0F41C0BA11700088B80 /* GLUT.framework */; };
/* End PBXBuildFile section */

/* Begin PBXCopyFilesBuildPhase section */
		58B9A0E41C0B9F2B00088B80 /* CopyFiles */ = {
			isa = PBXCopyFilesBuildPhase;
			buildActionMask = 2147483647;
			dstPath = /usr/share/man/man1/;
			dstSubfolderSpec = 0;
			files = (
			);
			runOnlyForDeploymentPostprocessing = 1;
		};
/* End PBXCopyFilesBuildPhase section */

/* Begin PBXFileReference section */
		58B9A0E61C0B9F2B00088B80 /* FPS */ = {isa = PBXFileReference; explicitFileType = "compiled.mach-o.executable"; includeInIndex = 0; path = FPS; sourceTree = BUILT_PRODUCTS_DIR; };
		58B9A0E91C0B9F2B00088B80 /* main.cpp */ = {isa = PBXFileReference; lastKnownFileType = sourcecode.cpp.cpp; path = main.cpp; sourceTree = "<group>"; };
		58B9A0F41C0BA11700088B80 /* GLUT.framework */ = {isa = PBXFileReference; lastKnownFileType = wrapper.framework; name = GLUT.framework; path = System/Library/Frameworks/GLUT.framework; sourceTree = SDKROOT; };
/* End PBXFileReference section */

/* Begin PBXFrameworksBuildPhase section */
		58B9A0E31C0B9F2B00088B80 /* Frameworks */ = {
			isa = PBXFrameworksBuildPhase;
			buildActionMask = 2147483647;
			files = (
				58B9A0F51C0BA11700088B80 /* GLUT.framework in Frameworks */,
			);
			runOnlyForDeploymentPostprocessing = 0;
		};
/* End PBXFrameworksBuildPhase section */

/* Begin PBXGroup section */
		58B9A0DD1C0B9F2B00088B80 = {
			isa = PBXGroup;
			children = (
				58B9A0F41C0BA11700088B80 /* GLUT.framework */,
				58B9A0E81C0B9F2B00088B80 /* FPS */,
				58B9A0E71C0B9F2B00088B80 /* Products */,
			);
			sourceTree = "<group>";
		};
		58B9A0E71C0B9F2B00088B80 /* Products */ = {
			isa = PBXGroup;
			children = (
				58B9A0E61C0B9F2B00088B80 /* FPS */,
			);
			name = Products;
			sourceTree = "<group>";
		};
		58B9A0E81C0B9F2B00088B80 /* FPS */ = {
			isa = PBXGroup;
			children = (
				58B9A0E91C0B9F2B00088B80 /* main.cpp */,
			);
			path = FPS;
			sourceTree = "<group>";
		};
/* End PBXGroup section */

/* Begin PBXNativeTarget section */
		58B9A0E51C0B9F2B00088B80 /* FPS */ = {
			isa = PBXNativeTarget;
			buildConfigurationList = 58B9A0ED1C0B9F2B00088B80 /* Build configuration list for PBXNativeTarget "FPS" */;
			buildPhases = (
				58B9A0E21C0B9F2B00088B80 /* Sources */,
				58B9A0E31C0B9F2B00088B80 /* Frameworks */,
				58B9A0E41C0B9F2B00088B80 /* CopyFiles */,
			);
			buildRules = (
			);
			dependencies = (
			);
			name = FPS;
			productName = FPS;
			productReference = 58B9A0E61C0B9F2B00088B80 /* FPS */;
			productType = "com.apple.product-type.tool";
		};
/* End PBXNativeTarget section */

/* Begin PBXProject section */
		58B9A0DE1C0B9F2B00088B80 /* Project object */ = {
			isa = PBXProject;
			attributes = {
				LastUpgradeCheck = 0620;
				ORGANIZATIONNAME = "Krishna Chaitanya Sripada";
				TargetAttributes = {
					58B9A0E51C0B9F2B00088B80 = {
						CreatedOnToolsVersion = 6.2;
					};
				};
			};
			buildConfigurationList = 58B9A0E11C0B9F2B00088B80 /* Build configuration list for PBXProject "FPS" */;
			compatibilityVersion = "Xcode 3.2";
			developmentRegion = English;
			hasScannedForEncodings = 0;
			knownRegions = (
				en,
			);
			mainGroup = 58B9A0DD1C0B9F2B00088B80;
			productRefGroup = 58B9A0E71C0B9F2B00088B80 /* Products */;
			projectDirPath = "";
			projectRoot = "";
			targets = (
				58B9A0E51C0B9F2B00088B80 /* FPS */,
			);
		};
/* End PBXProject section */

/* Begin PBXSourcesBuildPhase section */
		58B9A0E21C0B9F2B00088B80 /* Sources */ = {
			isa = PBXSourcesBuildPhase;
			buildActionMask = 2147483647;
			files = (
				58B9A0EA1C0B9F2B00088B80 /* main.cpp in Sources */,
			);
			runOnlyForDeploymentPostprocessing = 0;
		};
/* End PBXSourcesBuildPhase section */

/* Begin XCBuildConfiguration section */
		58B9A0EB1C0B9F2B00088B80 /* Debug */ = {
			isa = XCBuildConfiguration;
			buildSettings = {
				ALWAYS_SEARCH_USER_PATHS = NO;
				CLANG_CXX_LANGUAGE_STANDARD = "gnu++0x";
				CLANG_CXX_LIBRARY = "libc++";
				CLANG_ENABLE_MODULES = YES;
				CLANG_ENABLE_OBJC_ARC = YES;
				CLANG_WARN_BOOL_CONVERSION = YES;
				CLANG_WARN_CONSTANT_CONVERSION = YES;
				CLANG_WARN_DIRECT_OBJC_ISA_USAGE = YES_ERROR;
				CLANG_WARN_EMPTY_BODY = YES;
				CLANG_WARN_ENUM_CONVERSION = YES;
				CLANG_WARN_INT_CONVERSION = YES;
				CLANG_WARN_OBJC_ROOT_CLASS = YES_ERROR;
				CLANG_WARN_UNREACHABLE_CODE = YES;
				CLANG_WARN__DUPLICATE_METHOD_MATCH = YES;
				COPY_PHASE_STRIP = NO;
				ENABLE_STRICT_OBJC_MSGSEND = YES;
				GCC_C_LANGUAGE_STANDARD = gnu99;
				GCC_DYNAMIC_NO_PIC = NO;
				GCC_OPTIMIZATION_LEVEL = 0;
				GCC_PREPROCESSOR_DEFINITIONS = (
					"DEBUG=1",
					"$(inherited)",
				);
				GCC_SYMBOLS_PRIVATE_EXTERN = NO;
				GCC_WARN_64_TO_32_BIT_CONVERSION = YES;
				GCC_WARN_ABOUT_RETURN_TYPE = YES_ERROR;
				GCC_WARN_UNDECLARED_SELECTOR = YES;
				GCC_WARN_UNINITIALIZED_AUTOS = YES_AGGRESSIVE;
				GCC_WARN_UNUSED_FUNCTION = YES;
				GCC_WARN_UNUSED_VARIABLE = YES;
				MACOSX_DEPLOYMENT_TARGET = 10.9;
				MTL_ENABLE_DEBUG_INFO = YES;
				ONLY_ACTIVE_ARCH = YES;
				SDKROOT = macosx;
			};
			name = Debug;
		};
		58B9A0EC1C0B9F2B00088B80 /* Release */ = {
			isa = XCBuildConfiguration;
			buildSettings = {
				ALWAYS_SEARCH_USER_PATHS = NO;
				CLANG_CXX_LANGUAGE_STANDARD = "gnu++0x";
				CLANG_CXX_LIBRARY = "libc++";
				CLANG_ENABLE_MODULES = YES;
				CLANG_ENABLE_OBJC_ARC = YES;
				CLANG_WARN_BOOL_CONVERSION = YES;
				CLANG_WARN_CONSTANT_CONVERSION = YES;
				CLANG_WARN_DIRECT_OBJC_ISA_USAGE = YES_ERROR;
				CLANG_WARN_EMPTY_BODY = YES;
				CLANG_WARN_ENUM_CONVERSION = YES;
				CLANG_WARN_INT_CONVERSION = YES;
				CLANG_WARN_OBJC_ROOT_CLASS = YES_ERROR;
				CLANG_WARN_UNREACHABLE_CODE = YES;
				CLANG_WARN__DUPLICATE_METHOD_MATCH = YES;
				COPY_PHASE_STRIP = NO;
				DEBUG_INFORMATION_FORMAT = "dwarf-with-dsym";
				ENABLE_NS_ASSERTIONS = NO;
				ENABLE_STRICT_OBJC_MSGSEND = YES;
				GCC_C_LANGUAGE_STANDARD = gnu99;
				GCC_WARN_64_TO_32_BIT_CONVERSION = YES;
				GCC_WARN_ABOUT_RETURN_TYPE = YES_ERROR;
				GCC_WARN_UNDECLARED_SELECTOR = YES;
				GCC_WARN_UNINITIALIZED_AUTOS = YES_AGGRESSIVE;
				GCC_WARN_UNUSED_FUNCTION = YES;
				GCC_WARN_UNUSED_VARIABLE = YES;
				MACOSX_DEPLOYMENT_TARGET = 10.9;
				MTL_ENABLE_DEBUG_INFO = NO;
				SDKROOT = macosx;
			};
			name = Release;
		};
		58B9A0EE1C0B9F2B00088B80 /* Debug */ = {
			isa = XCBuildConfiguration;
			buildSettings = {
				PRODUCT_NAME = "$(TARGET_NAME)";
			};
			name = Debug;
		};
		58B9A0EF1C0B9F2B00088B80 /* Release */ = {
			isa = XCBuildConfiguration;
			buildSettings = {
				PRODUCT_NAME = "$(TARGET_NAME)";
			};
			name = Release;
		};
/* End XCBuildConfiguration section */

/* Begin XCConfigurationList section */
		58B9A0E11C0B9F2B00088B80 /* Build configuration list for PBXProject "FPS" */ = {
			isa = XCConfigurationList;
			buildConfigurations = (
				58B9A0EB1C0B9F2B00088B80 /* Debug */,
				58B9A0EC1C0B9F2B00088B80 /* Release */,
			);
			defaultConfigurationIsVisible = 0;
			defaultConfigurationName = Release;
		};
		58B9A0ED1C0B9F2B00088B80 /* Build configuration list for PBXNativeTarget "FPS" */ = {
			isa = XCConfigurationList;
			buildConfigurations = (
				58B9A0EE1C0B9F2B00088B80 /* Debug */,
				58B9A0EF1C0B9F2B00088B80 /* Release */,
			);
			defaultConfigurationIsVisible = 0;
		};
/* End XCConfigurationList section */
	};
	rootObject = 58B9A0DE1C0B9F2B00088B80 /* Project object */;
}
